PODS:
  - solana-token-list-swift (0.1.0)

DEPENDENCIES:
  - solana-token-list-swift (from `../`)

EXTERNAL SOURCES:
  solana-token-list-swift:
    :path: "../"

SPEC CHECKSUMS:
  solana-token-list-swift: 644d1973955c1f0a374ebcab7664f3fcd6c61c3a

PODFILE CHECKSUM: de8ffeafa7488861aa5796803786b6ebf6dd460b

COCOAPODS: 1.10.1
